{
  "version": "5",
  "specifiers": {
    "jsr:@std/internal@^1.0.12": "1.0.12",
    "jsr:@std/path@^1.1.3": "1.1.3",
    "npm:@sass-fairy/exception@^1.1.1": "1.1.1",
    "npm:@sass-fairy/list@^1.2.4": "1.2.4",
    "npm:@sass-fairy/string@^1.3.1": "1.3.1",
    "npm:@sass-fairy/url@^1.0.1": "1.0.1",
    "npm:browserslist@^4.28.1": "4.28.1",
    "npm:lightningcss@^1.30.2": "1.30.2",
    "npm:sass-embedded@^1.96.0": "1.96.0"
  },
  "jsr": {
    "@std/internal@1.0.12": {
      "integrity": "972a634fd5bc34b242024402972cd5143eac68d8dffaca5eaa4dba30ce17b027"
    },
    "@std/path@1.1.3": {
      "integrity": "b015962d82a5e6daea980c32b82d2c40142149639968549c649031a230b1afb3",
      "dependencies": [
        "jsr:@std/internal"
      ]
    }
  },
  "npm": {
    "@bufbuild/protobuf@2.10.2": {
      "integrity": "sha512-uFsRXwIGyu+r6AMdz+XijIIZJYpoWeYzILt5yZ2d3mCjQrWUTVpVD9WL/jZAbvp+Ed04rOhrsk7FiTcEDseB5A=="
    },
    "@parcel/watcher-android-arm64@2.5.1": {
      "integrity": "sha512-KF8+j9nNbUN8vzOFDpRMsaKBHZ/mcjEjMToVMJOhTozkDonQFFrRcfdLWn6yWKCmJKmdVxSgHiYvTCef4/qcBA==",
      "os": ["android"],
      "cpu": ["arm64"]
    },
    "@parcel/watcher-darwin-arm64@2.5.1": {
      "integrity": "sha512-eAzPv5osDmZyBhou8PoF4i6RQXAfeKL9tjb3QzYuccXFMQU0ruIc/POh30ePnaOyD1UXdlKguHBmsTs53tVoPw==",
      "os": ["darwin"],
      "cpu": ["arm64"]
    },
    "@parcel/watcher-darwin-x64@2.5.1": {
      "integrity": "sha512-1ZXDthrnNmwv10A0/3AJNZ9JGlzrF82i3gNQcWOzd7nJ8aj+ILyW1MTxVk35Db0u91oD5Nlk9MBiujMlwmeXZg==",
      "os": ["darwin"],
      "cpu": ["x64"]
    },
    "@parcel/watcher-freebsd-x64@2.5.1": {
      "integrity": "sha512-SI4eljM7Flp9yPuKi8W0ird8TI/JK6CSxju3NojVI6BjHsTyK7zxA9urjVjEKJ5MBYC+bLmMcbAWlZ+rFkLpJQ==",
      "os": ["freebsd"],
      "cpu": ["x64"]
    },
    "@parcel/watcher-linux-arm-glibc@2.5.1": {
      "integrity": "sha512-RCdZlEyTs8geyBkkcnPWvtXLY44BCeZKmGYRtSgtwwnHR4dxfHRG3gR99XdMEdQ7KeiDdasJwwvNSF5jKtDwdA==",
      "os": ["linux"],
      "cpu": ["arm"]
    },
    "@parcel/watcher-linux-arm-musl@2.5.1": {
      "integrity": "sha512-6E+m/Mm1t1yhB8X412stiKFG3XykmgdIOqhjWj+VL8oHkKABfu/gjFj8DvLrYVHSBNC+/u5PeNrujiSQ1zwd1Q==",
      "os": ["linux"],
      "cpu": ["arm"]
    },
    "@parcel/watcher-linux-arm64-glibc@2.5.1": {
      "integrity": "sha512-LrGp+f02yU3BN9A+DGuY3v3bmnFUggAITBGriZHUREfNEzZh/GO06FF5u2kx8x+GBEUYfyTGamol4j3m9ANe8w==",
      "os": ["linux"],
      "cpu": ["arm64"]
    },
    "@parcel/watcher-linux-arm64-musl@2.5.1": {
      "integrity": "sha512-cFOjABi92pMYRXS7AcQv9/M1YuKRw8SZniCDw0ssQb/noPkRzA+HBDkwmyOJYp5wXcsTrhxO0zq1U11cK9jsFg==",
      "os": ["linux"],
      "cpu": ["arm64"]
    },
    "@parcel/watcher-linux-x64-glibc@2.5.1": {
      "integrity": "sha512-GcESn8NZySmfwlTsIur+49yDqSny2IhPeZfXunQi48DMugKeZ7uy1FX83pO0X22sHntJ4Ub+9k34XQCX+oHt2A==",
      "os": ["linux"],
      "cpu": ["x64"]
    },
    "@parcel/watcher-linux-x64-musl@2.5.1": {
      "integrity": "sha512-n0E2EQbatQ3bXhcH2D1XIAANAcTZkQICBPVaxMeaCVBtOpBZpWJuf7LwyWPSBDITb7In8mqQgJ7gH8CILCURXg==",
      "os": ["linux"],
      "cpu": ["x64"]
    },
    "@parcel/watcher-win32-arm64@2.5.1": {
      "integrity": "sha512-RFzklRvmc3PkjKjry3hLF9wD7ppR4AKcWNzH7kXR7GUe0Igb3Nz8fyPwtZCSquGrhU5HhUNDr/mKBqj7tqA2Vw==",
      "os": ["win32"],
      "cpu": ["arm64"]
    },
    "@parcel/watcher-win32-ia32@2.5.1": {
      "integrity": "sha512-c2KkcVN+NJmuA7CGlaGD1qJh1cLfDnQsHjE89E60vUEMlqduHGCdCLJCID5geFVM0dOtA3ZiIO8BoEQmzQVfpQ==",
      "os": ["win32"],
      "cpu": ["ia32"]
    },
    "@parcel/watcher-win32-x64@2.5.1": {
      "integrity": "sha512-9lHBdJITeNR++EvSQVUcaZoWupyHfXe1jZvGZ06O/5MflPcuPLtEphScIBL+AiCWBO46tDSHzWyD0uDmmZqsgA==",
      "os": ["win32"],
      "cpu": ["x64"]
    },
    "@parcel/watcher@2.5.1": {
      "integrity": "sha512-dfUnCxiN9H4ap84DvD2ubjw+3vUNpstxa0TneY/Paat8a3R4uQZDLSvWjmznAY/DoahqTHl9V46HF/Zs3F29pg==",
      "dependencies": [
        "detect-libc@1.0.3",
        "is-glob",
        "micromatch",
        "node-addon-api"
      ],
      "optionalDependencies": [
        "@parcel/watcher-android-arm64",
        "@parcel/watcher-darwin-arm64",
        "@parcel/watcher-darwin-x64",
        "@parcel/watcher-freebsd-x64",
        "@parcel/watcher-linux-arm-glibc",
        "@parcel/watcher-linux-arm-musl",
        "@parcel/watcher-linux-arm64-glibc",
        "@parcel/watcher-linux-arm64-musl",
        "@parcel/watcher-linux-x64-glibc",
        "@parcel/watcher-linux-x64-musl",
        "@parcel/watcher-win32-arm64",
        "@parcel/watcher-win32-ia32",
        "@parcel/watcher-win32-x64"
      ],
      "scripts": true
    },
    "@sass-fairy/exception@1.1.1": {
      "integrity": "sha512-DP3dwerkS/gE79CaCzaE46zkTSWxmUc8Q/8Io6FC9qYRaNJ5aR8l1IvRbEe6ZnsnVE1+Ow1XOzC9uL2eeh62Hg=="
    },
    "@sass-fairy/list@1.2.4": {
      "integrity": "sha512-gs+96qO1kqPbnDU0tqG9/V77ceUXtA8grYQ554jIEQKYerFRs8usUs7KUu7JZJfkmEDpyoDbvNm18vr1WVgz6w==",
      "dependencies": [
        "@sass-fairy/exception",
        "@sass-fairy/math",
        "@sass-fairy/meta"
      ]
    },
    "@sass-fairy/math@1.0.3": {
      "integrity": "sha512-Lg/0vwx9Y7BSl/hTy3zO13bObx3dz8wkV/G6suX8B2j3IloXMGZmvdlmGwH+8J4e9/nUA/Yv3N9B6+W/IdLHmw==",
      "dependencies": [
        "@sass-fairy/exception"
      ]
    },
    "@sass-fairy/meta@1.0.2": {
      "integrity": "sha512-LLQnuY5kLdsGjGM+r94y3xew1wi7iok4Ciw43fYC9fCtyvwbeohMA0OK4vjl2iP9RaGIMEWfpjX7WZ0gSc5sSQ==",
      "dependencies": [
        "@sass-fairy/exception"
      ]
    },
    "@sass-fairy/string@1.3.1": {
      "integrity": "sha512-uOBQn5/jBc2agMy4PXofRJnlpQ1Z4msV6INjs3xK4MmjAOIQXbh0pgVPMKfVN/j/7uJbhf9mLksvUsxO7s685A==",
      "dependencies": [
        "@sass-fairy/exception",
        "@sass-fairy/list"
      ]
    },
    "@sass-fairy/url@1.0.1": {
      "integrity": "sha512-NFWtfXHsFym+SqPGNEvu+80aDbjYzGJKONRTVKnux3xtmaPzPcOQvy8amWOxZTjCZaKeXyNVKp4prVvwGOSZkg==",
      "dependencies": [
        "@sass-fairy/exception",
        "@sass-fairy/list",
        "@sass-fairy/string"
      ]
    },
    "baseline-browser-mapping@2.9.11": {
      "integrity": "sha512-Sg0xJUNDU1sJNGdfGWhVHX0kkZ+HWcvmVymJbj6NSgZZmW/8S9Y2HQ5euytnIgakgxN6papOAWiwDo1ctFDcoQ==",
      "bin": true
    },
    "braces@3.0.3": {
      "integrity": "sha512-yQbXgO/OSZVD2IsiLlro+7Hf6Q18EJrKSEsdoMzKePKXct3gvD8oLcOQdIzGupr5Fj+EDe8gO/lxc1BzfMpxvA==",
      "dependencies": [
        "fill-range"
      ]
    },
    "browserslist@4.28.1": {
      "integrity": "sha512-ZC5Bd0LgJXgwGqUknZY/vkUQ04r8NXnJZ3yYi4vDmSiZmC/pdSN0NbNRPxZpbtO4uAfDUAFffO8IZoM3Gj8IkA==",
      "dependencies": [
        "baseline-browser-mapping",
        "caniuse-lite",
        "electron-to-chromium",
        "node-releases",
        "update-browserslist-db"
      ],
      "bin": true
    },
    "buffer-builder@0.2.0": {
      "integrity": "sha512-7VPMEPuYznPSoR21NE1zvd2Xna6c/CloiZCfcMXR1Jny6PjX0N4Nsa38zcBFo/FMK+BlA+FLKbJCQ0i2yxp+Xg=="
    },
    "caniuse-lite@1.0.30001761": {
      "integrity": "sha512-JF9ptu1vP2coz98+5051jZ4PwQgd2ni8A+gYSN7EA7dPKIMf0pDlSUxhdmVOaV3/fYK5uWBkgSXJaRLr4+3A6g=="
    },
    "chokidar@4.0.3": {
      "integrity": "sha512-Qgzu8kfBvo+cA4962jnP1KkS6Dop5NS6g7R5LFYJr4b8Ub94PPQXUksCw9PvXoeXPRRddRNC5C1JQUR2SMGtnA==",
      "dependencies": [
        "readdirp"
      ]
    },
    "colorjs.io@0.5.2": {
      "integrity": "sha512-twmVoizEW7ylZSN32OgKdXRmo1qg+wT5/6C3xu5b9QsWzSFAhHLn2xd8ro0diCsKfCj1RdaTP/nrcW+vAoQPIw=="
    },
    "detect-libc@1.0.3": {
      "integrity": "sha512-pGjwhsmsp4kL2RTz08wcOlGN83otlqHeD/Z5T8GXZB+/YcpQ/dgo+lbU8ZsGxV0HIvqqxo9l7mqYwyYMD9bKDg==",
      "bin": true
    },
    "detect-libc@2.1.2": {
      "integrity": "sha512-Btj2BOOO83o3WyH59e8MgXsxEQVcarkUOpEYrubB0urwnN10yQ364rsiByU11nZlqWYZm05i/of7io4mzihBtQ=="
    },
    "electron-to-chromium@1.5.267": {
      "integrity": "sha512-0Drusm6MVRXSOJpGbaSVgcQsuB4hEkMpHXaVstcPmhu5LIedxs1xNK/nIxmQIU/RPC0+1/o0AVZfBTkTNJOdUw=="
    },
    "escalade@3.2.0": {
      "integrity": "sha512-WUj2qlxaQtO4g6Pq5c29GTcWGDyd8itL8zTlipgECz3JesAiiOKotd8JU6otB3PACgG6xkJUyVhboMS+bje/jA=="
    },
    "fill-range@7.1.1": {
      "integrity": "sha512-YsGpe3WHLK8ZYi4tWDg2Jy3ebRz2rXowDxnld4bkQB00cc/1Zw9AWnC0i9ztDJitivtQvaI9KaLyKrc+hBW0yg==",
      "dependencies": [
        "to-regex-range"
      ]
    },
    "has-flag@4.0.0": {
      "integrity": "sha512-EykJT/Q1KjTWctppgIAgfSO0tKVuZUjhgMr17kqTumMl6Afv3EISleU7qZUzoXDFTAHTDC4NOoG/ZxU3EvlMPQ=="
    },
    "immutable@5.1.4": {
      "integrity": "sha512-p6u1bG3YSnINT5RQmx/yRZBpenIl30kVxkTLDyHLIMk0gict704Q9n+thfDI7lTRm9vXdDYutVzXhzcThxTnXA=="
    },
    "is-extglob@2.1.1": {
      "integrity": "sha512-SbKbANkN603Vi4jEZv49LeVJMn4yGwsbzZworEoyEiutsN3nJYdbO36zfhGJ6QEDpOZIFkDtnq5JRxmvl3jsoQ=="
    },
    "is-glob@4.0.3": {
      "integrity": "sha512-xelSayHH36ZgE7ZWhli7pW34hNbNl8Ojv5KVmkJD4hBdD3th8Tfk9vYasLM+mXWOZhFkgZfxhLSnrwRr4elSSg==",
      "dependencies": [
        "is-extglob"
      ]
    },
    "is-number@7.0.0": {
      "integrity": "sha512-41Cifkg6e8TylSpdtTpeLVMqvSBEVzTttHvERD741+pnZ8ANv0004MRL43QKPDlK9cGvNp6NZWZUBlbGXYxxng=="
    },
    "lightningcss-android-arm64@1.30.2": {
      "integrity": "sha512-BH9sEdOCahSgmkVhBLeU7Hc9DWeZ1Eb6wNS6Da8igvUwAe0sqROHddIlvU06q3WyXVEOYDZ6ykBZQnjTbmo4+A==",
      "os": ["android"],
      "cpu": ["arm64"]
    },
    "lightningcss-darwin-arm64@1.30.2": {
      "integrity": "sha512-ylTcDJBN3Hp21TdhRT5zBOIi73P6/W0qwvlFEk22fkdXchtNTOU4Qc37SkzV+EKYxLouZ6M4LG9NfZ1qkhhBWA==",
      "os": ["darwin"],
      "cpu": ["arm64"]
    },
    "lightningcss-darwin-x64@1.30.2": {
      "integrity": "sha512-oBZgKchomuDYxr7ilwLcyms6BCyLn0z8J0+ZZmfpjwg9fRVZIR5/GMXd7r9RH94iDhld3UmSjBM6nXWM2TfZTQ==",
      "os": ["darwin"],
      "cpu": ["x64"]
    },
    "lightningcss-freebsd-x64@1.30.2": {
      "integrity": "sha512-c2bH6xTrf4BDpK8MoGG4Bd6zAMZDAXS569UxCAGcA7IKbHNMlhGQ89eRmvpIUGfKWNVdbhSbkQaWhEoMGmGslA==",
      "os": ["freebsd"],
      "cpu": ["x64"]
    },
    "lightningcss-linux-arm-gnueabihf@1.30.2": {
      "integrity": "sha512-eVdpxh4wYcm0PofJIZVuYuLiqBIakQ9uFZmipf6LF/HRj5Bgm0eb3qL/mr1smyXIS1twwOxNWndd8z0E374hiA==",
      "os": ["linux"],
      "cpu": ["arm"]
    },
    "lightningcss-linux-arm64-gnu@1.30.2": {
      "integrity": "sha512-UK65WJAbwIJbiBFXpxrbTNArtfuznvxAJw4Q2ZGlU8kPeDIWEX1dg3rn2veBVUylA2Ezg89ktszWbaQnxD/e3A==",
      "os": ["linux"],
      "cpu": ["arm64"]
    },
    "lightningcss-linux-arm64-musl@1.30.2": {
      "integrity": "sha512-5Vh9dGeblpTxWHpOx8iauV02popZDsCYMPIgiuw97OJ5uaDsL86cnqSFs5LZkG3ghHoX5isLgWzMs+eD1YzrnA==",
      "os": ["linux"],
      "cpu": ["arm64"]
    },
    "lightningcss-linux-x64-gnu@1.30.2": {
      "integrity": "sha512-Cfd46gdmj1vQ+lR6VRTTadNHu6ALuw2pKR9lYq4FnhvgBc4zWY1EtZcAc6EffShbb1MFrIPfLDXD6Xprbnni4w==",
      "os": ["linux"],
      "cpu": ["x64"]
    },
    "lightningcss-linux-x64-musl@1.30.2": {
      "integrity": "sha512-XJaLUUFXb6/QG2lGIW6aIk6jKdtjtcffUT0NKvIqhSBY3hh9Ch+1LCeH80dR9q9LBjG3ewbDjnumefsLsP6aiA==",
      "os": ["linux"],
      "cpu": ["x64"]
    },
    "lightningcss-win32-arm64-msvc@1.30.2": {
      "integrity": "sha512-FZn+vaj7zLv//D/192WFFVA0RgHawIcHqLX9xuWiQt7P0PtdFEVaxgF9rjM/IRYHQXNnk61/H/gb2Ei+kUQ4xQ==",
      "os": ["win32"],
      "cpu": ["arm64"]
    },
    "lightningcss-win32-x64-msvc@1.30.2": {
      "integrity": "sha512-5g1yc73p+iAkid5phb4oVFMB45417DkRevRbt/El/gKXJk4jid+vPFF/AXbxn05Aky8PapwzZrdJShv5C0avjw==",
      "os": ["win32"],
      "cpu": ["x64"]
    },
    "lightningcss@1.30.2": {
      "integrity": "sha512-utfs7Pr5uJyyvDETitgsaqSyjCb2qNRAtuqUeWIAKztsOYdcACf2KtARYXg2pSvhkt+9NfoaNY7fxjl6nuMjIQ==",
      "dependencies": [
        "detect-libc@2.1.2"
      ],
      "optionalDependencies": [
        "lightningcss-android-arm64",
        "lightningcss-darwin-arm64",
        "lightningcss-darwin-x64",
        "lightningcss-freebsd-x64",
        "lightningcss-linux-arm-gnueabihf",
        "lightningcss-linux-arm64-gnu",
        "lightningcss-linux-arm64-musl",
        "lightningcss-linux-x64-gnu",
        "lightningcss-linux-x64-musl",
        "lightningcss-win32-arm64-msvc",
        "lightningcss-win32-x64-msvc"
      ]
    },
    "micromatch@4.0.8": {
      "integrity": "sha512-PXwfBhYu0hBCPw8Dn0E+WDYb7af3dSLVWKi3HGv84IdF4TyFoC0ysxFd0Goxw7nSv4T/PzEJQxsYsEiFCKo2BA==",
      "dependencies": [
        "braces",
        "picomatch"
      ]
    },
    "node-addon-api@7.1.1": {
      "integrity": "sha512-5m3bsyrjFWE1xf7nz7YXdN4udnVtXK6/Yfgn5qnahL6bCkf2yKt4k3nuTKAtT4r3IG8JNR2ncsIMdZuAzJjHQQ=="
    },
    "node-releases@2.0.27": {
      "integrity": "sha512-nmh3lCkYZ3grZvqcCH+fjmQ7X+H0OeZgP40OierEaAptX4XofMh5kwNbWh7lBduUzCcV/8kZ+NDLCwm2iorIlA=="
    },
    "picocolors@1.1.1": {
      "integrity": "sha512-xceH2snhtb5M9liqDsmEw56le376mTZkEX/jEb/RxNFyegNul7eNslCXP9FDj/Lcu0X8KEyMceP2ntpaHrDEVA=="
    },
    "picomatch@2.3.1": {
      "integrity": "sha512-JU3teHTNjmE2VCGFzuY8EXzCDVwEqB2a8fsIvwaStHhAWJEeVd1o1QD80CU6+ZdEXXSLbSsuLwJjkCBWqRQUVA=="
    },
    "readdirp@4.1.2": {
      "integrity": "sha512-GDhwkLfywWL2s6vEjyhri+eXmfH6j1L7JE27WhqLeYzoh/A3DBaYGEj2H/HFZCn/kMfim73FXxEJTw06WtxQwg=="
    },
    "rxjs@7.8.2": {
      "integrity": "sha512-dhKf903U/PQZY6boNNtAGdWbG85WAbjT/1xYoZIC7FAY0yWapOBQVsVrDl58W86//e1VpMNBtRV4MaXfdMySFA==",
      "dependencies": [
        "tslib"
      ]
    },
    "sass-embedded-all-unknown@1.96.0": {
      "integrity": "sha512-UfUHoWZtxmsDjDfK+fKCy0aJe6zThu7oaIQx0c/vnHgvprcddEPIay01qTXhiUa3cFcsMmvlBvPTVw0gjKVtVQ==",
      "dependencies": [
        "sass"
      ],
      "cpu": ["!arm", "!arm64", "!riscv64", "!x64"]
    },
    "sass-embedded-android-arm64@1.96.0": {
      "integrity": "sha512-TJiebTo4TBF5Wrn+lFkUfSN3wazvl8kkFm9a1nA9ZtRdaE0nsJLGnMM6KLQLP2Vl+IOf6ovetZseISkClRoGXw==",
      "os": ["android"],
      "cpu": ["arm64"]
    },
    "sass-embedded-android-arm@1.96.0": {
      "integrity": "sha512-0mwVRBFig9hH8vFcRExBuBoR+CfUOcWdwarZwbxIFGI1IyH4BLBGiX85vVn6ssSCVNydpE6lFGm45CN8O0tQig==",
      "os": ["android"],
      "cpu": ["arm"]
    },
    "sass-embedded-android-riscv64@1.96.0": {
      "integrity": "sha512-7AVu/EeJqKN3BGNhm+tc1XzmoqbOtCwHG2VgN6j6Lyqh1JZlx0dglRtyQuKDZ7odTKiWmotEIuYZ6OxLmr2Ejg==",
      "os": ["android"],
      "cpu": ["riscv64"]
    },
    "sass-embedded-android-x64@1.96.0": {
      "integrity": "sha512-ei/UsT0q8rF5JzWhn1A7B0M1y/IiWVY3l4zibQrXk5MGaOXHlCM6ffZD+2j7C613Jm9/KAQ7yX1NIIu72LPgDQ==",
      "os": ["android"],
      "cpu": ["x64"]
    },
    "sass-embedded-darwin-arm64@1.96.0": {
      "integrity": "sha512-OMvN5NWcrrisC24ZR3GyaWJ1uFxw25qLnUkpEso9TSlaMWiomjU82/uQ/AkQvIMl+EMlJqeYLxZWvq/byLH5Xg==",
      "os": ["darwin"],
      "cpu": ["arm64"]
    },
    "sass-embedded-darwin-x64@1.96.0": {
      "integrity": "sha512-J/R5sv0eW+/DU98rccHPO1f3lsTFjVTpdkU9d3P1yB7BFmQjw5PYde9BVRlXeOawPwfgT3p/hvY4RELScICdww==",
      "os": ["darwin"],
      "cpu": ["x64"]
    },
    "sass-embedded-linux-arm64@1.96.0": {
      "integrity": "sha512-VcbVjK0/O/mru0h0FC1WSUWIzMqRrzuJ8eZNMXTs4vApfkh28pxNaUodwU81f1L1nngJ3vpFDBniUKpW6NwJhw==",
      "os": ["linux"],
      "cpu": ["arm64"]
    },
    "sass-embedded-linux-arm@1.96.0": {
      "integrity": "sha512-XuQvV6gNld5Bz3rX0SFLtKPGMu4UQdXNp//9A+bDmtVGZ6yu8REIqphQBxOMpgkAKsA4JZLKKk1N97woeVsIlA==",
      "os": ["linux"],
      "cpu": ["arm"]
    },
    "sass-embedded-linux-musl-arm64@1.96.0": {
      "integrity": "sha512-lVyLObEeu8Wgw8riC6dSMlkF7jVNAjdZ1jIBhvX1yDsrQwwaI60pM21YXmnZSFyCE6KVFkKAgwRQNO/IkoCwMA==",
      "os": ["linux"],
      "cpu": ["arm64"]
    },
    "sass-embedded-linux-musl-arm@1.96.0": {
      "integrity": "sha512-qK7FrnczCVECZXtyYOoI3azFlMDZn70GI1yJPPuZLpWvwIPYoZOLv3u6JSec5o3wT6KeKyWG3ZpGIpigLUjPig==",
      "os": ["linux"],
      "cpu": ["arm"]
    },
    "sass-embedded-linux-musl-riscv64@1.96.0": {
      "integrity": "sha512-Y+DuGVRsM2zGl268QN5aF/Y6OFYTILb3f+6huEXKlGL6FK2MXadsmeoVbmKVrTamQHzyA2bWWMU1C0jhVFtlzg==",
      "os": ["linux"],
      "cpu": ["riscv64"]
    },
    "sass-embedded-linux-musl-x64@1.96.0": {
      "integrity": "sha512-sAQtUQ8fFNxnxSf3fncOh892Hfxa4PW4e5qrnSE0Y1IGV/wsTzk7m5Z6IeT7sa3BsvXh5TFN6+JGbUoOJ5RigA==",
      "os": ["linux"],
      "cpu": ["x64"]
    },
    "sass-embedded-linux-riscv64@1.96.0": {
      "integrity": "sha512-Bf6bAjuUm6sfGHo0XoZEstjVkEWwmmtOSomGoPuAwXFS9GQnFcqDz9EXKNkZEOsQi2D+aDeDxs8HcU9/OLMT9g==",
      "os": ["linux"],
      "cpu": ["riscv64"]
    },
    "sass-embedded-linux-x64@1.96.0": {
      "integrity": "sha512-U4GROkS0XM6ekqs/ubroWwFAGY9N35wqrt5q6Y+MJCpTK5bHPHlgFo7J75ZUSaEObL+UrDqvMDQkCdYEFiiQbg==",
      "os": ["linux"],
      "cpu": ["x64"]
    },
    "sass-embedded-unknown-all@1.96.0": {
      "integrity": "sha512-OHzGEr2VElK2SaQdkkTX0O0KwTbiv1N/EhnHgzXYaZWOTvv0gxEfR7q7x/oScCBIZc2x8dSfvThfBnohIClo/w==",
      "dependencies": [
        "sass"
      ],
      "os": ["!android", "!darwin", "!linux", "!win32"]
    },
    "sass-embedded-win32-arm64@1.96.0": {
      "integrity": "sha512-KKz1h5pr45fwrKcxrxHsujo3f/HgVkX64YNJ9PRPuOuX7lU8g18IEgDxoTGQ64PPBQ5RXOt6jxpT+x2OLPVnCw==",
      "os": ["win32"],
      "cpu": ["arm64"]
    },
    "sass-embedded-win32-x64@1.96.0": {
      "integrity": "sha512-MDreKaWcgiyKD5YPShaRvUBoe5dC2y8IPJK49G7iQjoMfw9INDCBkDdLcz00Mn0eJq4nJJp5UEE98M6ljIrBRg==",
      "os": ["win32"],
      "cpu": ["x64"]
    },
    "sass-embedded@1.96.0": {
      "integrity": "sha512-z9PQ7owvdhn7UuZGrpPccdkcH9xJd9iCv+UQhcPqppBslYEp0R9LRQVyyPTZg7jfA77bGxz/I8V48LXJR5LjXQ==",
      "dependencies": [
        "@bufbuild/protobuf",
        "buffer-builder",
        "colorjs.io",
        "immutable",
        "rxjs",
        "supports-color",
        "sync-child-process",
        "varint"
      ],
      "optionalDependencies": [
        "sass-embedded-all-unknown",
        "sass-embedded-android-arm",
        "sass-embedded-android-arm64",
        "sass-embedded-android-riscv64",
        "sass-embedded-android-x64",
        "sass-embedded-darwin-arm64",
        "sass-embedded-darwin-x64",
        "sass-embedded-linux-arm",
        "sass-embedded-linux-arm64",
        "sass-embedded-linux-musl-arm",
        "sass-embedded-linux-musl-arm64",
        "sass-embedded-linux-musl-riscv64",
        "sass-embedded-linux-musl-x64",
        "sass-embedded-linux-riscv64",
        "sass-embedded-linux-x64",
        "sass-embedded-unknown-all",
        "sass-embedded-win32-arm64",
        "sass-embedded-win32-x64"
      ],
      "bin": true
    },
    "sass@1.96.0": {
      "integrity": "sha512-8u4xqqUeugGNCYwr9ARNtQKTOj4KmYiJAVKXf2CTIivTCR51j96htbMKWDru8H5SaQWpyVgTfOF8Ylyf5pun1Q==",
      "dependencies": [
        "chokidar",
        "immutable",
        "source-map-js"
      ],
      "optionalDependencies": [
        "@parcel/watcher"
      ],
      "bin": true
    },
    "source-map-js@1.2.1": {
      "integrity": "sha512-UXWMKhLOwVKb728IUtQPXxfYU+usdybtUrK/8uGE8CQMvrhOpwvzDBwj0QhSL7MQc7vIsISBG8VQ8+IDQxpfQA=="
    },
    "supports-color@8.1.1": {
      "integrity": "sha512-MpUEN2OodtUzxvKQl72cUF7RQ5EiHsGvSsVG0ia9c5RbWGL2CI4C7EpPS8UTBIplnlzZiNuV56w+FuNxy3ty2Q==",
      "dependencies": [
        "has-flag"
      ]
    },
    "sync-child-process@1.0.2": {
      "integrity": "sha512-8lD+t2KrrScJ/7KXCSyfhT3/hRq78rC0wBFqNJXv3mZyn6hW2ypM05JmlSvtqRbeq6jqA94oHbxAr2vYsJ8vDA==",
      "dependencies": [
        "sync-message-port"
      ]
    },
    "sync-message-port@1.1.3": {
      "integrity": "sha512-GTt8rSKje5FilG+wEdfCkOcLL7LWqpMlr2c3LRuKt/YXxcJ52aGSbGBAdI4L3aaqfrBt6y711El53ItyH1NWzg=="
    },
    "to-regex-range@5.0.1": {
      "integrity": "sha512-65P7iz6X5yEr1cwcgvQxbbIw7Uk3gOy5dIdtZ4rDveLqhrdJP+Li/Hx6tyK0NEb+2GCyneCMJiGqrADCSNk8sQ==",
      "dependencies": [
        "is-number"
      ]
    },
    "tslib@2.8.1": {
      "integrity": "sha512-oJFu94HQb+KVduSUQL7wnpmqnfmLsOA/nAh6b6EH0wCEoK0/mPeXU6c3wKDV83MkOuHPRHtSXKKU99IBazS/2w=="
    },
    "update-browserslist-db@1.2.3_browserslist@4.28.1": {
      "integrity": "sha512-Js0m9cx+qOgDxo0eMiFGEueWztz+d4+M3rGlmKPT+T4IS/jP4ylw3Nwpu6cpTTP8R1MAC1kF4VbdLt3ARf209w==",
      "dependencies": [
        "browserslist",
        "escalade",
        "picocolors"
      ],
      "bin": true
    },
    "varint@6.0.0": {
      "integrity": "sha512-cXEIW6cfr15lFv563k4GuVuW/fiwjknytD37jIOLSdSWuOI6WnO/oKwmP2FQTU2l01LP8/M5TSAJpzUaGe3uWg=="
    }
  },
  "workspace": {
    "dependencies": [
      "jsr:@std/path@^1.1.3",
      "npm:@sass-fairy/exception@^1.1.1",
      "npm:@sass-fairy/list@^1.2.4",
      "npm:@sass-fairy/string@^1.3.1",
      "npm:@sass-fairy/url@^1.0.1",
      "npm:browserslist@^4.28.1",
      "npm:lightningcss@^1.30.2",
      "npm:sass-embedded@^1.96.0"
    ]
  }
}
